
Microsoft Visual Studio Solution File, Format Version 12.00
# Visual Studio Version 16
VisualStudioVersion = 16.0.32510.428
MinimumVisualStudioVersion = 10.0.40219.1
Project("{FAE04EC0-301F-11D3-BF4B-00C04F79EFBC}") = "Render", "Render\Render.csproj", "{DB28E671-25B9-4502-82B2-B35BA6F464AB}"
EndProject
Global
	GlobalSection(SolutionConfigurationPlatforms) = preSolution
		Debug|Any CPU = Debug|Any CPU
		Release|Any CPU = Release|Any CPU
	EndGlobalSection
	GlobalSection(ProjectConfigurationPlatforms) = postSolution
		{DB28E671-25B9-4502-82B2-B35BA6F464AB}.Debug|Any CPU.ActiveCfg = Debug|Any CPU
		{DB28E671-25B9-4502-82B2-B35BA6F464AB}.Debug|Any CPU.Build.0 = Debug|Any CPU
		{DB28E671-25B9-4502-82B2-B35BA6F464AB}.Release|Any CPU.ActiveCfg = Release|Any CPU
		{DB28E671-25B9-4502-82B2-B35BA6F464AB}.Release|Any CPU.Build.0 = Release|Any CPU
	EndGlobalSection
	GlobalSection(SolutionProperties) = preSolution
		HideSolutionNode = FALSE
	EndGlobalSection
	GlobalSection(ExtensibilityGlobals) = postSolution
		SolutionGuid = {4626C4BF-18F8-4E54-BFBB-428815AA9979}
	EndGlobalSection
EndGlobal
